
Microsoft Visual Studio Solution File, Format Version 12.00
# Visual Studio Version 16
VisualStudioVersion = 16.0.29709.97
MinimumVisualStudioVersion = 10.0.40219.1
Project("{FAE04EC0-301F-11D3-BF4B-00C04F79EFBC}") = "Layout_03.UWP", "Layout_03\Layout_03.UWP\Layout_03.UWP.csproj", "{BECA021B-7047-4A11-A84D-2A96DC1E9B16}"
EndProject
Project("{FAE04EC0-301F-11D3-BF4B-00C04F79EFBC}") = "Layout_03.Android", "Layout_03\Layout_03.Android\Layout_03.Android.csproj", "{4004DA70-501E-481E-919D-00D92FDBAE1D}"
EndProject
Project("{FAE04EC0-301F-11D3-BF4B-00C04F79EFBC}") = "Layout_03.iOS", "Layout_03\Layout_03.iOS\Layout_03.iOS.csproj", "{38262B23-35B0-47A1-9ED3-1840C352BBDE}"
EndProject
Project("{FAE04EC0-301F-11D3-BF4B-00C04F79EFBC}") = "Layout_03", "Layout_03\Layout_03\Layout_03.csproj", "{CEC80E3A-C904-4E2B-A42E-7343D865A431}"
EndProject
Global
	GlobalSection(SolutionConfigurationPlatforms) = preSolution
		Debug|Any CPU = Debug|Any CPU
		Debug|ARM = Debug|ARM
		Debug|iPhone = Debug|iPhone
		Debug|iPhoneSimulator = Debug|iPhoneSimulator
		Debug|x64 = Debug|x64
		Debug|x86 = Debug|x86
		Release|Any CPU = Release|Any CPU
		Release|ARM = Release|ARM
		Release|iPhone = Release|iPhone
		Release|iPhoneSimulator = Release|iPhoneSimulator
		Release|x64 = Release|x64
		Release|x86 = Release|x86
	EndGlobalSection
	GlobalSection(ProjectConfigurationPlatforms) = postSolution
		{BECA021B-7047-4A11-A84D-2A96DC1E9B16}.Debug|Any CPU.ActiveCfg = Debug|x86
		{BECA021B-7047-4A11-A84D-2A96DC1E9B16}.Debug|Any CPU.Build.0 = Debug|x86
		{BECA021B-7047-4A11-A84D-2A96DC1E9B16}.Debug|Any CPU.Deploy.0 = Debug|x86
		{BECA021B-7047-4A11-A84D-2A96DC1E9B16}.Debug|ARM.ActiveCfg = Debug|ARM
		{BECA021B-7047-4A11-A84D-2A96DC1E9B16}.Debug|ARM.Build.0 = Debug|ARM
		{BECA021B-7047-4A11-A84D-2A96DC1E9B16}.Debug|ARM.Deploy.0 = Debug|ARM
		{BECA021B-7047-4A11-A84D-2A96DC1E9B16}.Debug|iPhone.ActiveCfg = Debug|x86
		{BECA021B-7047-4A11-A84D-2A96DC1E9B16}.Debug|iPhone.Build.0 = Debug|x86
		{BECA021B-7047-4A11-A84D-2A96DC1E9B16}.Debug|iPhone.Deploy.0 = Debug|x86
		{BECA021B-7047-4A11-A84D-2A96DC1E9B16}.Debug|iPhoneSimulator.ActiveCfg = Debug|x86
		{BECA021B-7047-4A11-A84D-2A96DC1E9B16}.Debug|iPhoneSimulator.Build.0 = Debug|x86
		{BECA021B-7047-4A11-A84D-2A96DC1E9B16}.Debug|iPhoneSimulator.Deploy.0 = Debug|x86
		{BECA021B-7047-4A11-A84D-2A96DC1E9B16}.Debug|x64.ActiveCfg = Debug|x64
		{BECA021B-7047-4A11-A84D-2A96DC1E9B16}.Debug|x64.Build.0 = Debug|x64
		{BECA021B-7047-4A11-A84D-2A96DC1E9B16}.Debug|x64.Deploy.0 = Debug|x64
		{BECA021B-7047-4A11-A84D-2A96DC1E9B16}.Debug|x86.ActiveCfg = Debug|x86
		{BECA021B-7047-4A11-A84D-2A96DC1E9B16}.Debug|x86.Build.0 = Debug|x86
		{BECA021B-7047-4A11-A84D-2A96DC1E9B16}.Debug|x86.Deploy.0 = Debug|x86
		{BECA021B-7047-4A11-A84D-2A96DC1E9B16}.Release|Any CPU.ActiveCfg = Release|x86
		{BECA021B-7047-4A11-A84D-2A96DC1E9B16}.Release|Any CPU.Build.0 = Release|x86
		{BECA021B-7047-4A11-A84D-2A96DC1E9B16}.Release|Any CPU.Deploy.0 = Release|x86
		{BECA021B-7047-4A11-A84D-2A96DC1E9B16}.Release|ARM.ActiveCfg = Release|ARM
		{BECA021B-7047-4A11-A84D-2A96DC1E9B16}.Release|ARM.Build.0 = Release|ARM
		{BECA021B-7047-4A11-A84D-2A96DC1E9B16}.Release|ARM.Deploy.0 = Release|ARM
		{BECA021B-7047-4A11-A84D-2A96DC1E9B16}.Release|iPhone.ActiveCfg = Release|x86
		{BECA021B-7047-4A11-A84D-2A96DC1E9B16}.Release|iPhone.Build.0 = Release|x86
		{BECA021B-7047-4A11-A84D-2A96DC1E9B16}.Release|iPhone.Deploy.0 = Release|x86
		{BECA021B-7047-4A11-A84D-2A96DC1E9B16}.Release|iPhoneSimulator.ActiveCfg = Release|x86
		{BECA021B-7047-4A11-A84D-2A96DC1E9B16}.Release|iPhoneSimulator.Build.0 = Release|x86
		{BECA021B-7047-4A11-A84D-2A96DC1E9B16}.Release|iPhoneSimulator.Deploy.0 = Release|x86
		{BECA021B-7047-4A11-A84D-2A96DC1E9B16}.Release|x64.ActiveCfg = Release|x64
		{BECA021B-7047-4A11-A84D-2A96DC1E9B16}.Release|x64.Build.0 = Release|x64
		{BECA021B-7047-4A11-A84D-2A96DC1E9B16}.Release|x64.Deploy.0 = Release|x64
		{BECA021B-7047-4A11-A84D-2A96DC1E9B16}.Release|x86.ActiveCfg = Release|x86
		{BECA021B-7047-4A11-A84D-2A96DC1E9B16}.Release|x86.Build.0 = Release|x86
		{BECA021B-7047-4A11-A84D-2A96DC1E9B16}.Release|x86.Deploy.0 = Release|x86
		{4004DA70-501E-481E-919D-00D92FDBAE1D}.Debug|Any CPU.ActiveCfg = Debug|Any CPU
		{4004DA70-501E-481E-919D-00D92FDBAE1D}.Debug|Any CPU.Build.0 = Debug|Any CPU
		{4004DA70-501E-481E-919D-00D92FDBAE1D}.Debug|Any CPU.Deploy.0 = Debug|Any CPU
		{4004DA70-501E-481E-919D-00D92FDBAE1D}.Debug|ARM.ActiveCfg = Debug|Any CPU
		{4004DA70-501E-481E-919D-00D92FDBAE1D}.Debug|ARM.Build.0 = Debug|Any CPU
		{4004DA70-501E-481E-919D-00D92FDBAE1D}.Debug|ARM.Deploy.0 = Debug|Any CPU
		{4004DA70-501E-481E-919D-00D92FDBAE1D}.Debug|iPhone.ActiveCfg = Debug|Any CPU
		{4004DA70-501E-481E-919D-00D92FDBAE1D}.Debug|iPhone.Build.0 = Debug|Any CPU
		{4004DA70-501E-481E-919D-00D92FDBAE1D}.Debug|iPhone.Deploy.0 = Debug|Any CPU
		{4004DA70-501E-481E-919D-00D92FDBAE1D}.Debug|iPhoneSimulator.ActiveCfg = Debug|Any CPU
		{4004DA70-501E-481E-919D-00D92FDBAE1D}.Debug|iPhoneSimulator.Build.0 = Debug|Any CPU
		{4004DA70-501E-481E-919D-00D92FDBAE1D}.Debug|iPhoneSimulator.Deploy.0 = Debug|Any CPU
		{4004DA70-501E-481E-919D-00D92FDBAE1D}.Debug|x64.ActiveCfg = Debug|Any CPU
		{4004DA70-501E-481E-919D-00D92FDBAE1D}.Debug|x64.Build.0 = Debug|Any CPU
		{4004DA70-501E-481E-919D-00D92FDBAE1D}.Debug|x64.Deploy.0 = Debug|Any CPU
		{4004DA70-501E-481E-919D-00D92FDBAE1D}.Debug|x86.ActiveCfg = Debug|Any CPU
		{4004DA70-501E-481E-919D-00D92FDBAE1D}.Debug|x86.Build.0 = Debug|Any CPU
		{4004DA70-501E-481E-919D-00D92FDBAE1D}.Debug|x86.Deploy.0 = Debug|Any CPU
		{4004DA70-501E-481E-919D-00D92FDBAE1D}.Release|Any CPU.ActiveCfg = Release|Any CPU
		{4004DA70-501E-481E-919D-00D92FDBAE1D}.Release|Any CPU.Build.0 = Release|Any CPU
		{4004DA70-501E-481E-919D-00D92FDBAE1D}.Release|Any CPU.Deploy.0 = Release|Any CPU
		{4004DA70-501E-481E-919D-00D92FDBAE1D}.Release|ARM.ActiveCfg = Release|Any CPU
		{4004DA70-501E-481E-919D-00D92FDBAE1D}.Release|ARM.Build.0 = Release|Any CPU
		{4004DA70-501E-481E-919D-00D92FDBAE1D}.Release|ARM.Deploy.0 = Release|Any CPU
		{4004DA70-501E-481E-919D-00D92FDBAE1D}.Release|iPhone.ActiveCfg = Release|Any CPU
		{4004DA70-501E-481E-919D-00D92FDBAE1D}.Release|iPhone.Build.0 = Release|Any CPU
		{4004DA70-501E-481E-919D-00D92FDBAE1D}.Release|iPhone.Deploy.0 = Release|Any CPU
		{4004DA70-501E-481E-919D-00D92FDBAE1D}.Release|iPhoneSimulator.ActiveCfg = Release|Any CPU
		{4004DA70-501E-481E-919D-00D92FDBAE1D}.Release|iPhoneSimulator.Build.0 = Release|Any CPU
		{4004DA70-501E-481E-919D-00D92FDBAE1D}.Release|iPhoneSimulator.Deploy.0 = Release|Any CPU
		{4004DA70-501E-481E-919D-00D92FDBAE1D}.Release|x64.ActiveCfg = Release|Any CPU
		{4004DA70-501E-481E-919D-00D92FDBAE1D}.Release|x64.Build.0 = Release|Any CPU
		{4004DA70-501E-481E-919D-00D92FDBAE1D}.Release|x64.Deploy.0 = Release|Any CPU
		{4004DA70-501E-481E-919D-00D92FDBAE1D}.Release|x86.ActiveCfg = Release|Any CPU
		{4004DA70-501E-481E-919D-00D92FDBAE1D}.Release|x86.Build.0 = Release|Any CPU
		{4004DA70-501E-481E-919D-00D92FDBAE1D}.Release|x86.Deploy.0 = Release|Any CPU
		{38262B23-35B0-47A1-9ED3-1840C352BBDE}.Debug|Any CPU.ActiveCfg = Debug|iPhone
		{38262B23-35B0-47A1-9ED3-1840C352BBDE}.Debug|Any CPU.Build.0 = Debug|iPhone
		{38262B23-35B0-47A1-9ED3-1840C352BBDE}.Debug|Any CPU.Deploy.0 = Debug|iPhone
		{38262B23-35B0-47A1-9ED3-1840C352BBDE}.Debug|ARM.ActiveCfg = Debug|iPhoneSimulator
		{38262B23-35B0-47A1-9ED3-1840C352BBDE}.Debug|ARM.Build.0 = Debug|iPhoneSimulator
		{38262B23-35B0-47A1-9ED3-1840C352BBDE}.Debug|ARM.Deploy.0 = Debug|iPhoneSimulator
		{38262B23-35B0-47A1-9ED3-1840C352BBDE}.Debug|iPhone.ActiveCfg = Debug|iPhone
		{38262B23-35B0-47A1-9ED3-1840C352BBDE}.Debug|iPhone.Build.0 = Debug|iPhone
		{38262B23-35B0-47A1-9ED3-1840C352BBDE}.Debug|iPhone.Deploy.0 = Debug|iPhone
		{38262B23-35B0-47A1-9ED3-1840C352BBDE}.Debug|iPhoneSimulator.ActiveCfg = Debug|iPhoneSimulator
		{38262B23-35B0-47A1-9ED3-1840C352BBDE}.Debug|iPhoneSimulator.Build.0 = Debug|iPhoneSimulator
		{38262B23-35B0-47A1-9ED3-1840C352BBDE}.Debug|iPhoneSimulator.Deploy.0 = Debug|iPhoneSimulator
		{38262B23-35B0-47A1-9ED3-1840C352BBDE}.Debug|x64.ActiveCfg = Debug|iPhone
		{38262B23-35B0-47A1-9ED3-1840C352BBDE}.Debug|x64.Build.0 = Debug|iPhone
		{38262B23-35B0-47A1-9ED3-1840C352BBDE}.Debug|x64.Deploy.0 = Debug|iPhone
		{38262B23-35B0-47A1-9ED3-1840C352BBDE}.Debug|x86.ActiveCfg = Debug|iPhone
		{38262B23-35B0-47A1-9ED3-1840C352BBDE}.Debug|x86.Build.0 = Debug|iPhone
		{38262B23-35B0-47A1-9ED3-1840C352BBDE}.Debug|x86.Deploy.0 = Debug|iPhone
		{38262B23-35B0-47A1-9ED3-1840C352BBDE}.Release|Any CPU.ActiveCfg = Release|iPhone
		{38262B23-35B0-47A1-9ED3-1840C352BBDE}.Release|Any CPU.Build.0 = Release|iPhone
		{38262B23-35B0-47A1-9ED3-1840C352BBDE}.Release|Any CPU.Deploy.0 = Release|iPhone
		{38262B23-35B0-47A1-9ED3-1840C352BBDE}.Release|ARM.ActiveCfg = Release|iPhone
		{38262B23-35B0-47A1-9ED3-1840C352BBDE}.Release|ARM.Build.0 = Release|iPhone
		{38262B23-35B0-47A1-9ED3-1840C352BBDE}.Release|ARM.Deploy.0 = Release|iPhone
		{38262B23-35B0-47A1-9ED3-1840C352BBDE}.Release|iPhone.ActiveCfg = Release|iPhone
		{38262B23-35B0-47A1-9ED3-1840C352BBDE}.Release|iPhone.Build.0 = Release|iPhone
		{38262B23-35B0-47A1-9ED3-1840C352BBDE}.Release|iPhone.Deploy.0 = Release|iPhone
		{38262B23-35B0-47A1-9ED3-1840C352BBDE}.Release|iPhoneSimulator.ActiveCfg = Release|iPhoneSimulator
		{38262B23-35B0-47A1-9ED3-1840C352BBDE}.Release|iPhoneSimulator.Build.0 = Release|iPhoneSimulator
		{38262B23-35B0-47A1-9ED3-1840C352BBDE}.Release|iPhoneSimulator.Deploy.0 = Release|iPhoneSimulator
		{38262B23-35B0-47A1-9ED3-1840C352BBDE}.Release|x64.ActiveCfg = Release|iPhone
		{38262B23-35B0-47A1-9ED3-1840C352BBDE}.Release|x64.Build.0 = Release|iPhone
		{38262B23-35B0-47A1-9ED3-1840C352BBDE}.Release|x64.Deploy.0 = Release|iPhone
		{38262B23-35B0-47A1-9ED3-1840C352BBDE}.Release|x86.ActiveCfg = Release|iPhone
		{38262B23-35B0-47A1-9ED3-1840C352BBDE}.Release|x86.Build.0 = Release|iPhone
		{38262B23-35B0-47A1-9ED3-1840C352BBDE}.Release|x86.Deploy.0 = Release|iPhone
		{CEC80E3A-C904-4E2B-A42E-7343D865A431}.Debug|Any CPU.ActiveCfg = Debug|Any CPU
		{CEC80E3A-C904-4E2B-A42E-7343D865A431}.Debug|Any CPU.Build.0 = Debug|Any CPU
		{CEC80E3A-C904-4E2B-A42E-7343D865A431}.Debug|Any CPU.Deploy.0 = Debug|Any CPU
		{CEC80E3A-C904-4E2B-A42E-7343D865A431}.Debug|ARM.ActiveCfg = Debug|Any CPU
		{CEC80E3A-C904-4E2B-A42E-7343D865A431}.Debug|ARM.Build.0 = Debug|Any CPU
		{CEC80E3A-C904-4E2B-A42E-7343D865A431}.Debug|ARM.Deploy.0 = Debug|Any CPU
		{CEC80E3A-C904-4E2B-A42E-7343D865A431}.Debug|iPhone.ActiveCfg = Debug|Any CPU
		{CEC80E3A-C904-4E2B-A42E-7343D865A431}.Debug|iPhone.Build.0 = Debug|Any CPU
		{CEC80E3A-C904-4E2B-A42E-7343D865A431}.Debug|iPhone.Deploy.0 = Debug|Any CPU
		{CEC80E3A-C904-4E2B-A42E-7343D865A431}.Debug|iPhoneSimulator.ActiveCfg = Debug|Any CPU
		{CEC80E3A-C904-4E2B-A42E-7343D865A431}.Debug|iPhoneSimulator.Build.0 = Debug|Any CPU
		{CEC80E3A-C904-4E2B-A42E-7343D865A431}.Debug|iPhoneSimulator.Deploy.0 = Debug|Any CPU
		{CEC80E3A-C904-4E2B-A42E-7343D865A431}.Debug|x64.ActiveCfg = Debug|Any CPU
		{CEC80E3A-C904-4E2B-A42E-7343D865A431}.Debug|x64.Build.0 = Debug|Any CPU
		{CEC80E3A-C904-4E2B-A42E-7343D865A431}.Debug|x64.Deploy.0 = Debug|Any CPU
		{CEC80E3A-C904-4E2B-A42E-7343D865A431}.Debug|x86.ActiveCfg = Debug|Any CPU
		{CEC80E3A-C904-4E2B-A42E-7343D865A431}.Debug|x86.Build.0 = Debug|Any CPU
		{CEC80E3A-C904-4E2B-A42E-7343D865A431}.Debug|x86.Deploy.0 = Debug|Any CPU
		{CEC80E3A-C904-4E2B-A42E-7343D865A431}.Release|Any CPU.ActiveCfg = Release|Any CPU
		{CEC80E3A-C904-4E2B-A42E-7343D865A431}.Release|Any CPU.Build.0 = Release|Any CPU
		{CEC80E3A-C904-4E2B-A42E-7343D865A431}.Release|Any CPU.Deploy.0 = Release|Any CPU
		{CEC80E3A-C904-4E2B-A42E-7343D865A431}.Release|ARM.ActiveCfg = Release|Any CPU
		{CEC80E3A-C904-4E2B-A42E-7343D865A431}.Release|ARM.Build.0 = Release|Any CPU
		{CEC80E3A-C904-4E2B-A42E-7343D865A431}.Release|ARM.Deploy.0 = Release|Any CPU
		{CEC80E3A-C904-4E2B-A42E-7343D865A431}.Release|iPhone.ActiveCfg = Release|Any CPU
		{CEC80E3A-C904-4E2B-A42E-7343D865A431}.Release|iPhone.Build.0 = Release|Any CPU
		{CEC80E3A-C904-4E2B-A42E-7343D865A431}.Release|iPhone.Deploy.0 = Release|Any CPU
		{CEC80E3A-C904-4E2B-A42E-7343D865A431}.Release|iPhoneSimulator.ActiveCfg = Release|Any CPU
		{CEC80E3A-C904-4E2B-A42E-7343D865A431}.Release|iPhoneSimulator.Build.0 = Release|Any CPU
		{CEC80E3A-C904-4E2B-A42E-7343D865A431}.Release|iPhoneSimulator.Deploy.0 = Release|Any CPU
		{CEC80E3A-C904-4E2B-A42E-7343D865A431}.Release|x64.ActiveCfg = Release|Any CPU
		{CEC80E3A-C904-4E2B-A42E-7343D865A431}.Release|x64.Build.0 = Release|Any CPU
		{CEC80E3A-C904-4E2B-A42E-7343D865A431}.Release|x64.Deploy.0 = Release|Any CPU
		{CEC80E3A-C904-4E2B-A42E-7343D865A431}.Release|x86.ActiveCfg = Release|Any CPU
		{CEC80E3A-C904-4E2B-A42E-7343D865A431}.Release|x86.Build.0 = Release|Any CPU
		{CEC80E3A-C904-4E2B-A42E-7343D865A431}.Release|x86.Deploy.0 = Release|Any CPU
	EndGlobalSection
	GlobalSection(SolutionProperties) = preSolution
		HideSolutionNode = FALSE
	EndGlobalSection
	GlobalSection(ExtensibilityGlobals) = postSolution
		SolutionGuid = {8CFC020F-32E9-49CA-AD05-0954EB4AFC4C}
	EndGlobalSection
EndGlobal
