
Microsoft Visual Studio Solution File, Format Version 12.00
# Visual Studio Version 16
VisualStudioVersion = 16.0.29806.167
MinimumVisualStudioVersion = 10.0.40219.1
Project("{FAE04EC0-301F-11D3-BF4B-00C04F79EFBC}") = "CurrencyConverterVW.UWP", "CurrencyConverterVW.UWP\CurrencyConverterVW.UWP.csproj", "{0A423480-E861-410F-A9FA-0A06066B3710}"
EndProject
Project("{FAE04EC0-301F-11D3-BF4B-00C04F79EFBC}") = "CurrencyConverterVW.Android", "CurrencyConverterVW.Android\CurrencyConverterVW.Android.csproj", "{B61FCEE3-6077-4AC5-A837-7F54767DECCE}"
EndProject
Project("{FAE04EC0-301F-11D3-BF4B-00C04F79EFBC}") = "CurrencyConverterVW.iOS", "CurrencyConverterVW.iOS\CurrencyConverterVW.iOS.csproj", "{5122BC5E-EB2A-48FD-B06A-D0998E18305B}"
EndProject
Project("{FAE04EC0-301F-11D3-BF4B-00C04F79EFBC}") = "CurrencyConverterVW", "CurrencyConverterVW\CurrencyConverterVW.csproj", "{9A7350FE-428D-4AB2-9417-81A11924AEF3}"
EndProject
Global
	GlobalSection(SolutionConfigurationPlatforms) = preSolution
		Debug|Any CPU = Debug|Any CPU
		Debug|ARM = Debug|ARM
		Debug|iPhone = Debug|iPhone
		Debug|iPhoneSimulator = Debug|iPhoneSimulator
		Debug|x64 = Debug|x64
		Debug|x86 = Debug|x86
		Release|Any CPU = Release|Any CPU
		Release|ARM = Release|ARM
		Release|iPhone = Release|iPhone
		Release|iPhoneSimulator = Release|iPhoneSimulator
		Release|x64 = Release|x64
		Release|x86 = Release|x86
	EndGlobalSection
	GlobalSection(ProjectConfigurationPlatforms) = postSolution
		{0A423480-E861-410F-A9FA-0A06066B3710}.Debug|Any CPU.ActiveCfg = Debug|x86
		{0A423480-E861-410F-A9FA-0A06066B3710}.Debug|Any CPU.Build.0 = Debug|x86
		{0A423480-E861-410F-A9FA-0A06066B3710}.Debug|Any CPU.Deploy.0 = Debug|x86
		{0A423480-E861-410F-A9FA-0A06066B3710}.Debug|ARM.ActiveCfg = Debug|ARM
		{0A423480-E861-410F-A9FA-0A06066B3710}.Debug|ARM.Build.0 = Debug|ARM
		{0A423480-E861-410F-A9FA-0A06066B3710}.Debug|ARM.Deploy.0 = Debug|ARM
		{0A423480-E861-410F-A9FA-0A06066B3710}.Debug|iPhone.ActiveCfg = Debug|x86
		{0A423480-E861-410F-A9FA-0A06066B3710}.Debug|iPhone.Build.0 = Debug|x86
		{0A423480-E861-410F-A9FA-0A06066B3710}.Debug|iPhone.Deploy.0 = Debug|x86
		{0A423480-E861-410F-A9FA-0A06066B3710}.Debug|iPhoneSimulator.ActiveCfg = Debug|x86
		{0A423480-E861-410F-A9FA-0A06066B3710}.Debug|iPhoneSimulator.Build.0 = Debug|x86
		{0A423480-E861-410F-A9FA-0A06066B3710}.Debug|iPhoneSimulator.Deploy.0 = Debug|x86
		{0A423480-E861-410F-A9FA-0A06066B3710}.Debug|x64.ActiveCfg = Debug|x64
		{0A423480-E861-410F-A9FA-0A06066B3710}.Debug|x64.Build.0 = Debug|x64
		{0A423480-E861-410F-A9FA-0A06066B3710}.Debug|x64.Deploy.0 = Debug|x64
		{0A423480-E861-410F-A9FA-0A06066B3710}.Debug|x86.ActiveCfg = Debug|x86
		{0A423480-E861-410F-A9FA-0A06066B3710}.Debug|x86.Build.0 = Debug|x86
		{0A423480-E861-410F-A9FA-0A06066B3710}.Debug|x86.Deploy.0 = Debug|x86
		{0A423480-E861-410F-A9FA-0A06066B3710}.Release|Any CPU.ActiveCfg = Release|x86
		{0A423480-E861-410F-A9FA-0A06066B3710}.Release|Any CPU.Build.0 = Release|x86
		{0A423480-E861-410F-A9FA-0A06066B3710}.Release|Any CPU.Deploy.0 = Release|x86
		{0A423480-E861-410F-A9FA-0A06066B3710}.Release|ARM.ActiveCfg = Release|ARM
		{0A423480-E861-410F-A9FA-0A06066B3710}.Release|ARM.Build.0 = Release|ARM
		{0A423480-E861-410F-A9FA-0A06066B3710}.Release|ARM.Deploy.0 = Release|ARM
		{0A423480-E861-410F-A9FA-0A06066B3710}.Release|iPhone.ActiveCfg = Release|x86
		{0A423480-E861-410F-A9FA-0A06066B3710}.Release|iPhone.Build.0 = Release|x86
		{0A423480-E861-410F-A9FA-0A06066B3710}.Release|iPhone.Deploy.0 = Release|x86
		{0A423480-E861-410F-A9FA-0A06066B3710}.Release|iPhoneSimulator.ActiveCfg = Release|x86
		{0A423480-E861-410F-A9FA-0A06066B3710}.Release|iPhoneSimulator.Build.0 = Release|x86
		{0A423480-E861-410F-A9FA-0A06066B3710}.Release|iPhoneSimulator.Deploy.0 = Release|x86
		{0A423480-E861-410F-A9FA-0A06066B3710}.Release|x64.ActiveCfg = Release|x64
		{0A423480-E861-410F-A9FA-0A06066B3710}.Release|x64.Build.0 = Release|x64
		{0A423480-E861-410F-A9FA-0A06066B3710}.Release|x64.Deploy.0 = Release|x64
		{0A423480-E861-410F-A9FA-0A06066B3710}.Release|x86.ActiveCfg = Release|x86
		{0A423480-E861-410F-A9FA-0A06066B3710}.Release|x86.Build.0 = Release|x86
		{0A423480-E861-410F-A9FA-0A06066B3710}.Release|x86.Deploy.0 = Release|x86
		{B61FCEE3-6077-4AC5-A837-7F54767DECCE}.Debug|Any CPU.ActiveCfg = Debug|Any CPU
		{B61FCEE3-6077-4AC5-A837-7F54767DECCE}.Debug|Any CPU.Build.0 = Debug|Any CPU
		{B61FCEE3-6077-4AC5-A837-7F54767DECCE}.Debug|Any CPU.Deploy.0 = Debug|Any CPU
		{B61FCEE3-6077-4AC5-A837-7F54767DECCE}.Debug|ARM.ActiveCfg = Debug|Any CPU
		{B61FCEE3-6077-4AC5-A837-7F54767DECCE}.Debug|ARM.Build.0 = Debug|Any CPU
		{B61FCEE3-6077-4AC5-A837-7F54767DECCE}.Debug|ARM.Deploy.0 = Debug|Any CPU
		{B61FCEE3-6077-4AC5-A837-7F54767DECCE}.Debug|iPhone.ActiveCfg = Debug|Any CPU
		{B61FCEE3-6077-4AC5-A837-7F54767DECCE}.Debug|iPhone.Build.0 = Debug|Any CPU
		{B61FCEE3-6077-4AC5-A837-7F54767DECCE}.Debug|iPhone.Deploy.0 = Debug|Any CPU
		{B61FCEE3-6077-4AC5-A837-7F54767DECCE}.Debug|iPhoneSimulator.ActiveCfg = Debug|Any CPU
		{B61FCEE3-6077-4AC5-A837-7F54767DECCE}.Debug|iPhoneSimulator.Build.0 = Debug|Any CPU
		{B61FCEE3-6077-4AC5-A837-7F54767DECCE}.Debug|iPhoneSimulator.Deploy.0 = Debug|Any CPU
		{B61FCEE3-6077-4AC5-A837-7F54767DECCE}.Debug|x64.ActiveCfg = Debug|Any CPU
		{B61FCEE3-6077-4AC5-A837-7F54767DECCE}.Debug|x64.Build.0 = Debug|Any CPU
		{B61FCEE3-6077-4AC5-A837-7F54767DECCE}.Debug|x64.Deploy.0 = Debug|Any CPU
		{B61FCEE3-6077-4AC5-A837-7F54767DECCE}.Debug|x86.ActiveCfg = Debug|Any CPU
		{B61FCEE3-6077-4AC5-A837-7F54767DECCE}.Release|Any CPU.ActiveCfg = Release|Any CPU
		{B61FCEE3-6077-4AC5-A837-7F54767DECCE}.Release|Any CPU.Build.0 = Release|Any CPU
		{B61FCEE3-6077-4AC5-A837-7F54767DECCE}.Release|Any CPU.Deploy.0 = Release|Any CPU
		{B61FCEE3-6077-4AC5-A837-7F54767DECCE}.Release|ARM.ActiveCfg = Release|Any CPU
		{B61FCEE3-6077-4AC5-A837-7F54767DECCE}.Release|ARM.Build.0 = Release|Any CPU
		{B61FCEE3-6077-4AC5-A837-7F54767DECCE}.Release|ARM.Deploy.0 = Release|Any CPU
		{B61FCEE3-6077-4AC5-A837-7F54767DECCE}.Release|iPhone.ActiveCfg = Release|Any CPU
		{B61FCEE3-6077-4AC5-A837-7F54767DECCE}.Release|iPhone.Build.0 = Release|Any CPU
		{B61FCEE3-6077-4AC5-A837-7F54767DECCE}.Release|iPhone.Deploy.0 = Release|Any CPU
		{B61FCEE3-6077-4AC5-A837-7F54767DECCE}.Release|iPhoneSimulator.ActiveCfg = Release|Any CPU
		{B61FCEE3-6077-4AC5-A837-7F54767DECCE}.Release|iPhoneSimulator.Build.0 = Release|Any CPU
		{B61FCEE3-6077-4AC5-A837-7F54767DECCE}.Release|iPhoneSimulator.Deploy.0 = Release|Any CPU
		{B61FCEE3-6077-4AC5-A837-7F54767DECCE}.Release|x64.ActiveCfg = Release|Any CPU
		{B61FCEE3-6077-4AC5-A837-7F54767DECCE}.Release|x64.Build.0 = Release|Any CPU
		{B61FCEE3-6077-4AC5-A837-7F54767DECCE}.Release|x64.Deploy.0 = Release|Any CPU
		{B61FCEE3-6077-4AC5-A837-7F54767DECCE}.Release|x86.ActiveCfg = Release|Any CPU
		{5122BC5E-EB2A-48FD-B06A-D0998E18305B}.Debug|Any CPU.ActiveCfg = Debug|iPhone
		{5122BC5E-EB2A-48FD-B06A-D0998E18305B}.Debug|Any CPU.Build.0 = Debug|iPhone
		{5122BC5E-EB2A-48FD-B06A-D0998E18305B}.Debug|Any CPU.Deploy.0 = Debug|iPhone
		{5122BC5E-EB2A-48FD-B06A-D0998E18305B}.Debug|ARM.ActiveCfg = Debug|iPhoneSimulator
		{5122BC5E-EB2A-48FD-B06A-D0998E18305B}.Debug|ARM.Build.0 = Debug|iPhoneSimulator
		{5122BC5E-EB2A-48FD-B06A-D0998E18305B}.Debug|ARM.Deploy.0 = Debug|iPhoneSimulator
		{5122BC5E-EB2A-48FD-B06A-D0998E18305B}.Debug|iPhone.ActiveCfg = Debug|iPhone
		{5122BC5E-EB2A-48FD-B06A-D0998E18305B}.Debug|iPhone.Build.0 = Debug|iPhone
		{5122BC5E-EB2A-48FD-B06A-D0998E18305B}.Debug|iPhone.Deploy.0 = Debug|iPhone
		{5122BC5E-EB2A-48FD-B06A-D0998E18305B}.Debug|iPhoneSimulator.ActiveCfg = Debug|iPhoneSimulator
		{5122BC5E-EB2A-48FD-B06A-D0998E18305B}.Debug|iPhoneSimulator.Build.0 = Debug|iPhoneSimulator
		{5122BC5E-EB2A-48FD-B06A-D0998E18305B}.Debug|iPhoneSimulator.Deploy.0 = Debug|iPhoneSimulator
		{5122BC5E-EB2A-48FD-B06A-D0998E18305B}.Debug|x64.ActiveCfg = Debug|iPhone
		{5122BC5E-EB2A-48FD-B06A-D0998E18305B}.Debug|x64.Build.0 = Debug|iPhone
		{5122BC5E-EB2A-48FD-B06A-D0998E18305B}.Debug|x64.Deploy.0 = Debug|iPhone
		{5122BC5E-EB2A-48FD-B06A-D0998E18305B}.Debug|x86.ActiveCfg = Debug|iPhone
		{5122BC5E-EB2A-48FD-B06A-D0998E18305B}.Debug|x86.Deploy.0 = Debug|iPhone
		{5122BC5E-EB2A-48FD-B06A-D0998E18305B}.Release|Any CPU.ActiveCfg = Release|iPhone
		{5122BC5E-EB2A-48FD-B06A-D0998E18305B}.Release|Any CPU.Build.0 = Release|iPhone
		{5122BC5E-EB2A-48FD-B06A-D0998E18305B}.Release|Any CPU.Deploy.0 = Release|iPhone
		{5122BC5E-EB2A-48FD-B06A-D0998E18305B}.Release|ARM.ActiveCfg = Release|iPhone
		{5122BC5E-EB2A-48FD-B06A-D0998E18305B}.Release|ARM.Build.0 = Release|iPhone
		{5122BC5E-EB2A-48FD-B06A-D0998E18305B}.Release|ARM.Deploy.0 = Release|iPhone
		{5122BC5E-EB2A-48FD-B06A-D0998E18305B}.Release|iPhone.ActiveCfg = Release|iPhone
		{5122BC5E-EB2A-48FD-B06A-D0998E18305B}.Release|iPhone.Build.0 = Release|iPhone
		{5122BC5E-EB2A-48FD-B06A-D0998E18305B}.Release|iPhone.Deploy.0 = Release|iPhone
		{5122BC5E-EB2A-48FD-B06A-D0998E18305B}.Release|iPhoneSimulator.ActiveCfg = Release|iPhoneSimulator
		{5122BC5E-EB2A-48FD-B06A-D0998E18305B}.Release|iPhoneSimulator.Build.0 = Release|iPhoneSimulator
		{5122BC5E-EB2A-48FD-B06A-D0998E18305B}.Release|iPhoneSimulator.Deploy.0 = Release|iPhoneSimulator
		{5122BC5E-EB2A-48FD-B06A-D0998E18305B}.Release|x64.ActiveCfg = Release|iPhone
		{5122BC5E-EB2A-48FD-B06A-D0998E18305B}.Release|x64.Build.0 = Release|iPhone
		{5122BC5E-EB2A-48FD-B06A-D0998E18305B}.Release|x64.Deploy.0 = Release|iPhone
		{5122BC5E-EB2A-48FD-B06A-D0998E18305B}.Release|x86.ActiveCfg = Release|iPhone
		{5122BC5E-EB2A-48FD-B06A-D0998E18305B}.Release|x86.Deploy.0 = Release|iPhone
		{9A7350FE-428D-4AB2-9417-81A11924AEF3}.Debug|Any CPU.ActiveCfg = Debug|Any CPU
		{9A7350FE-428D-4AB2-9417-81A11924AEF3}.Debug|Any CPU.Build.0 = Debug|Any CPU
		{9A7350FE-428D-4AB2-9417-81A11924AEF3}.Debug|Any CPU.Deploy.0 = Debug|Any CPU
		{9A7350FE-428D-4AB2-9417-81A11924AEF3}.Debug|ARM.ActiveCfg = Debug|Any CPU
		{9A7350FE-428D-4AB2-9417-81A11924AEF3}.Debug|ARM.Build.0 = Debug|Any CPU
		{9A7350FE-428D-4AB2-9417-81A11924AEF3}.Debug|ARM.Deploy.0 = Debug|Any CPU
		{9A7350FE-428D-4AB2-9417-81A11924AEF3}.Debug|iPhone.ActiveCfg = Debug|Any CPU
		{9A7350FE-428D-4AB2-9417-81A11924AEF3}.Debug|iPhone.Build.0 = Debug|Any CPU
		{9A7350FE-428D-4AB2-9417-81A11924AEF3}.Debug|iPhone.Deploy.0 = Debug|Any CPU
		{9A7350FE-428D-4AB2-9417-81A11924AEF3}.Debug|iPhoneSimulator.ActiveCfg = Debug|Any CPU
		{9A7350FE-428D-4AB2-9417-81A11924AEF3}.Debug|iPhoneSimulator.Build.0 = Debug|Any CPU
		{9A7350FE-428D-4AB2-9417-81A11924AEF3}.Debug|iPhoneSimulator.Deploy.0 = Debug|Any CPU
		{9A7350FE-428D-4AB2-9417-81A11924AEF3}.Debug|x64.ActiveCfg = Debug|Any CPU
		{9A7350FE-428D-4AB2-9417-81A11924AEF3}.Debug|x64.Build.0 = Debug|Any CPU
		{9A7350FE-428D-4AB2-9417-81A11924AEF3}.Debug|x64.Deploy.0 = Debug|Any CPU
		{9A7350FE-428D-4AB2-9417-81A11924AEF3}.Debug|x86.ActiveCfg = Debug|Any CPU
		{9A7350FE-428D-4AB2-9417-81A11924AEF3}.Debug|x86.Build.0 = Debug|Any CPU
		{9A7350FE-428D-4AB2-9417-81A11924AEF3}.Debug|x86.Deploy.0 = Debug|Any CPU
		{9A7350FE-428D-4AB2-9417-81A11924AEF3}.Release|Any CPU.ActiveCfg = Release|Any CPU
		{9A7350FE-428D-4AB2-9417-81A11924AEF3}.Release|Any CPU.Build.0 = Release|Any CPU
		{9A7350FE-428D-4AB2-9417-81A11924AEF3}.Release|Any CPU.Deploy.0 = Release|Any CPU
		{9A7350FE-428D-4AB2-9417-81A11924AEF3}.Release|ARM.ActiveCfg = Release|Any CPU
		{9A7350FE-428D-4AB2-9417-81A11924AEF3}.Release|ARM.Build.0 = Release|Any CPU
		{9A7350FE-428D-4AB2-9417-81A11924AEF3}.Release|ARM.Deploy.0 = Release|Any CPU
		{9A7350FE-428D-4AB2-9417-81A11924AEF3}.Release|iPhone.ActiveCfg = Release|Any CPU
		{9A7350FE-428D-4AB2-9417-81A11924AEF3}.Release|iPhone.Build.0 = Release|Any CPU
		{9A7350FE-428D-4AB2-9417-81A11924AEF3}.Release|iPhone.Deploy.0 = Release|Any CPU
		{9A7350FE-428D-4AB2-9417-81A11924AEF3}.Release|iPhoneSimulator.ActiveCfg = Release|Any CPU
		{9A7350FE-428D-4AB2-9417-81A11924AEF3}.Release|iPhoneSimulator.Build.0 = Release|Any CPU
		{9A7350FE-428D-4AB2-9417-81A11924AEF3}.Release|iPhoneSimulator.Deploy.0 = Release|Any CPU
		{9A7350FE-428D-4AB2-9417-81A11924AEF3}.Release|x64.ActiveCfg = Release|Any CPU
		{9A7350FE-428D-4AB2-9417-81A11924AEF3}.Release|x64.Build.0 = Release|Any CPU
		{9A7350FE-428D-4AB2-9417-81A11924AEF3}.Release|x64.Deploy.0 = Release|Any CPU
		{9A7350FE-428D-4AB2-9417-81A11924AEF3}.Release|x86.ActiveCfg = Release|Any CPU
		{9A7350FE-428D-4AB2-9417-81A11924AEF3}.Release|x86.Build.0 = Release|Any CPU
		{9A7350FE-428D-4AB2-9417-81A11924AEF3}.Release|x86.Deploy.0 = Release|Any CPU
	EndGlobalSection
	GlobalSection(SolutionProperties) = preSolution
		HideSolutionNode = FALSE
	EndGlobalSection
	GlobalSection(ExtensibilityGlobals) = postSolution
		SolutionGuid = {4884BCCF-6FAB-4F0D-9220-47C5925FB690}
	EndGlobalSection
EndGlobal
