
Microsoft Visual Studio Solution File, Format Version 12.00
# Visual Studio Version 16
VisualStudioVersion = 16.0.29709.97
MinimumVisualStudioVersion = 10.0.40219.1
Project("{FAE04EC0-301F-11D3-BF4B-00C04F79EFBC}") = "Layour_05.UWP", "Layour_05\Layour_05.UWP\Layour_05.UWP.csproj", "{9898A542-FEEB-4790-903A-CD045A0B7B68}"
EndProject
Project("{FAE04EC0-301F-11D3-BF4B-00C04F79EFBC}") = "Layour_05.Android", "Layour_05\Layour_05.Android\Layour_05.Android.csproj", "{A0BE4076-9699-410D-AB9B-093F6887321F}"
EndProject
Project("{FAE04EC0-301F-11D3-BF4B-00C04F79EFBC}") = "Layour_05.iOS", "Layour_05\Layour_05.iOS\Layour_05.iOS.csproj", "{4C998E30-1926-4459-A782-7D81F8A04DE0}"
EndProject
Project("{FAE04EC0-301F-11D3-BF4B-00C04F79EFBC}") = "Layour_05", "Layour_05\Layour_05\Layour_05.csproj", "{2E8C3987-143F-4985-819B-9297E160914D}"
EndProject
Global
	GlobalSection(SolutionConfigurationPlatforms) = preSolution
		Debug|Any CPU = Debug|Any CPU
		Debug|ARM = Debug|ARM
		Debug|iPhone = Debug|iPhone
		Debug|iPhoneSimulator = Debug|iPhoneSimulator
		Debug|x64 = Debug|x64
		Debug|x86 = Debug|x86
		Release|Any CPU = Release|Any CPU
		Release|ARM = Release|ARM
		Release|iPhone = Release|iPhone
		Release|iPhoneSimulator = Release|iPhoneSimulator
		Release|x64 = Release|x64
		Release|x86 = Release|x86
	EndGlobalSection
	GlobalSection(ProjectConfigurationPlatforms) = postSolution
		{9898A542-FEEB-4790-903A-CD045A0B7B68}.Debug|Any CPU.ActiveCfg = Debug|x86
		{9898A542-FEEB-4790-903A-CD045A0B7B68}.Debug|Any CPU.Build.0 = Debug|x86
		{9898A542-FEEB-4790-903A-CD045A0B7B68}.Debug|Any CPU.Deploy.0 = Debug|x86
		{9898A542-FEEB-4790-903A-CD045A0B7B68}.Debug|ARM.ActiveCfg = Debug|ARM
		{9898A542-FEEB-4790-903A-CD045A0B7B68}.Debug|ARM.Build.0 = Debug|ARM
		{9898A542-FEEB-4790-903A-CD045A0B7B68}.Debug|ARM.Deploy.0 = Debug|ARM
		{9898A542-FEEB-4790-903A-CD045A0B7B68}.Debug|iPhone.ActiveCfg = Debug|x86
		{9898A542-FEEB-4790-903A-CD045A0B7B68}.Debug|iPhone.Build.0 = Debug|x86
		{9898A542-FEEB-4790-903A-CD045A0B7B68}.Debug|iPhone.Deploy.0 = Debug|x86
		{9898A542-FEEB-4790-903A-CD045A0B7B68}.Debug|iPhoneSimulator.ActiveCfg = Debug|x86
		{9898A542-FEEB-4790-903A-CD045A0B7B68}.Debug|iPhoneSimulator.Build.0 = Debug|x86
		{9898A542-FEEB-4790-903A-CD045A0B7B68}.Debug|iPhoneSimulator.Deploy.0 = Debug|x86
		{9898A542-FEEB-4790-903A-CD045A0B7B68}.Debug|x64.ActiveCfg = Debug|x64
		{9898A542-FEEB-4790-903A-CD045A0B7B68}.Debug|x64.Build.0 = Debug|x64
		{9898A542-FEEB-4790-903A-CD045A0B7B68}.Debug|x64.Deploy.0 = Debug|x64
		{9898A542-FEEB-4790-903A-CD045A0B7B68}.Debug|x86.ActiveCfg = Debug|x86
		{9898A542-FEEB-4790-903A-CD045A0B7B68}.Debug|x86.Build.0 = Debug|x86
		{9898A542-FEEB-4790-903A-CD045A0B7B68}.Debug|x86.Deploy.0 = Debug|x86
		{9898A542-FEEB-4790-903A-CD045A0B7B68}.Release|Any CPU.ActiveCfg = Release|x86
		{9898A542-FEEB-4790-903A-CD045A0B7B68}.Release|Any CPU.Build.0 = Release|x86
		{9898A542-FEEB-4790-903A-CD045A0B7B68}.Release|Any CPU.Deploy.0 = Release|x86
		{9898A542-FEEB-4790-903A-CD045A0B7B68}.Release|ARM.ActiveCfg = Release|ARM
		{9898A542-FEEB-4790-903A-CD045A0B7B68}.Release|ARM.Build.0 = Release|ARM
		{9898A542-FEEB-4790-903A-CD045A0B7B68}.Release|ARM.Deploy.0 = Release|ARM
		{9898A542-FEEB-4790-903A-CD045A0B7B68}.Release|iPhone.ActiveCfg = Release|x86
		{9898A542-FEEB-4790-903A-CD045A0B7B68}.Release|iPhone.Build.0 = Release|x86
		{9898A542-FEEB-4790-903A-CD045A0B7B68}.Release|iPhone.Deploy.0 = Release|x86
		{9898A542-FEEB-4790-903A-CD045A0B7B68}.Release|iPhoneSimulator.ActiveCfg = Release|x86
		{9898A542-FEEB-4790-903A-CD045A0B7B68}.Release|iPhoneSimulator.Build.0 = Release|x86
		{9898A542-FEEB-4790-903A-CD045A0B7B68}.Release|iPhoneSimulator.Deploy.0 = Release|x86
		{9898A542-FEEB-4790-903A-CD045A0B7B68}.Release|x64.ActiveCfg = Release|x64
		{9898A542-FEEB-4790-903A-CD045A0B7B68}.Release|x64.Build.0 = Release|x64
		{9898A542-FEEB-4790-903A-CD045A0B7B68}.Release|x64.Deploy.0 = Release|x64
		{9898A542-FEEB-4790-903A-CD045A0B7B68}.Release|x86.ActiveCfg = Release|x86
		{9898A542-FEEB-4790-903A-CD045A0B7B68}.Release|x86.Build.0 = Release|x86
		{9898A542-FEEB-4790-903A-CD045A0B7B68}.Release|x86.Deploy.0 = Release|x86
		{A0BE4076-9699-410D-AB9B-093F6887321F}.Debug|Any CPU.ActiveCfg = Debug|Any CPU
		{A0BE4076-9699-410D-AB9B-093F6887321F}.Debug|Any CPU.Build.0 = Debug|Any CPU
		{A0BE4076-9699-410D-AB9B-093F6887321F}.Debug|Any CPU.Deploy.0 = Debug|Any CPU
		{A0BE4076-9699-410D-AB9B-093F6887321F}.Debug|ARM.ActiveCfg = Debug|Any CPU
		{A0BE4076-9699-410D-AB9B-093F6887321F}.Debug|ARM.Build.0 = Debug|Any CPU
		{A0BE4076-9699-410D-AB9B-093F6887321F}.Debug|ARM.Deploy.0 = Debug|Any CPU
		{A0BE4076-9699-410D-AB9B-093F6887321F}.Debug|iPhone.ActiveCfg = Debug|Any CPU
		{A0BE4076-9699-410D-AB9B-093F6887321F}.Debug|iPhone.Build.0 = Debug|Any CPU
		{A0BE4076-9699-410D-AB9B-093F6887321F}.Debug|iPhone.Deploy.0 = Debug|Any CPU
		{A0BE4076-9699-410D-AB9B-093F6887321F}.Debug|iPhoneSimulator.ActiveCfg = Debug|Any CPU
		{A0BE4076-9699-410D-AB9B-093F6887321F}.Debug|iPhoneSimulator.Build.0 = Debug|Any CPU
		{A0BE4076-9699-410D-AB9B-093F6887321F}.Debug|iPhoneSimulator.Deploy.0 = Debug|Any CPU
		{A0BE4076-9699-410D-AB9B-093F6887321F}.Debug|x64.ActiveCfg = Debug|Any CPU
		{A0BE4076-9699-410D-AB9B-093F6887321F}.Debug|x64.Build.0 = Debug|Any CPU
		{A0BE4076-9699-410D-AB9B-093F6887321F}.Debug|x64.Deploy.0 = Debug|Any CPU
		{A0BE4076-9699-410D-AB9B-093F6887321F}.Debug|x86.ActiveCfg = Debug|Any CPU
		{A0BE4076-9699-410D-AB9B-093F6887321F}.Debug|x86.Build.0 = Debug|Any CPU
		{A0BE4076-9699-410D-AB9B-093F6887321F}.Debug|x86.Deploy.0 = Debug|Any CPU
		{A0BE4076-9699-410D-AB9B-093F6887321F}.Release|Any CPU.ActiveCfg = Release|Any CPU
		{A0BE4076-9699-410D-AB9B-093F6887321F}.Release|Any CPU.Build.0 = Release|Any CPU
		{A0BE4076-9699-410D-AB9B-093F6887321F}.Release|Any CPU.Deploy.0 = Release|Any CPU
		{A0BE4076-9699-410D-AB9B-093F6887321F}.Release|ARM.ActiveCfg = Release|Any CPU
		{A0BE4076-9699-410D-AB9B-093F6887321F}.Release|ARM.Build.0 = Release|Any CPU
		{A0BE4076-9699-410D-AB9B-093F6887321F}.Release|ARM.Deploy.0 = Release|Any CPU
		{A0BE4076-9699-410D-AB9B-093F6887321F}.Release|iPhone.ActiveCfg = Release|Any CPU
		{A0BE4076-9699-410D-AB9B-093F6887321F}.Release|iPhone.Build.0 = Release|Any CPU
		{A0BE4076-9699-410D-AB9B-093F6887321F}.Release|iPhone.Deploy.0 = Release|Any CPU
		{A0BE4076-9699-410D-AB9B-093F6887321F}.Release|iPhoneSimulator.ActiveCfg = Release|Any CPU
		{A0BE4076-9699-410D-AB9B-093F6887321F}.Release|iPhoneSimulator.Build.0 = Release|Any CPU
		{A0BE4076-9699-410D-AB9B-093F6887321F}.Release|iPhoneSimulator.Deploy.0 = Release|Any CPU
		{A0BE4076-9699-410D-AB9B-093F6887321F}.Release|x64.ActiveCfg = Release|Any CPU
		{A0BE4076-9699-410D-AB9B-093F6887321F}.Release|x64.Build.0 = Release|Any CPU
		{A0BE4076-9699-410D-AB9B-093F6887321F}.Release|x64.Deploy.0 = Release|Any CPU
		{A0BE4076-9699-410D-AB9B-093F6887321F}.Release|x86.ActiveCfg = Release|Any CPU
		{A0BE4076-9699-410D-AB9B-093F6887321F}.Release|x86.Build.0 = Release|Any CPU
		{A0BE4076-9699-410D-AB9B-093F6887321F}.Release|x86.Deploy.0 = Release|Any CPU
		{4C998E30-1926-4459-A782-7D81F8A04DE0}.Debug|Any CPU.ActiveCfg = Debug|iPhone
		{4C998E30-1926-4459-A782-7D81F8A04DE0}.Debug|Any CPU.Build.0 = Debug|iPhone
		{4C998E30-1926-4459-A782-7D81F8A04DE0}.Debug|Any CPU.Deploy.0 = Debug|iPhone
		{4C998E30-1926-4459-A782-7D81F8A04DE0}.Debug|ARM.ActiveCfg = Debug|iPhoneSimulator
		{4C998E30-1926-4459-A782-7D81F8A04DE0}.Debug|ARM.Build.0 = Debug|iPhoneSimulator
		{4C998E30-1926-4459-A782-7D81F8A04DE0}.Debug|ARM.Deploy.0 = Debug|iPhoneSimulator
		{4C998E30-1926-4459-A782-7D81F8A04DE0}.Debug|iPhone.ActiveCfg = Debug|iPhone
		{4C998E30-1926-4459-A782-7D81F8A04DE0}.Debug|iPhone.Build.0 = Debug|iPhone
		{4C998E30-1926-4459-A782-7D81F8A04DE0}.Debug|iPhone.Deploy.0 = Debug|iPhone
		{4C998E30-1926-4459-A782-7D81F8A04DE0}.Debug|iPhoneSimulator.ActiveCfg = Debug|iPhoneSimulator
		{4C998E30-1926-4459-A782-7D81F8A04DE0}.Debug|iPhoneSimulator.Build.0 = Debug|iPhoneSimulator
		{4C998E30-1926-4459-A782-7D81F8A04DE0}.Debug|iPhoneSimulator.Deploy.0 = Debug|iPhoneSimulator
		{4C998E30-1926-4459-A782-7D81F8A04DE0}.Debug|x64.ActiveCfg = Debug|iPhone
		{4C998E30-1926-4459-A782-7D81F8A04DE0}.Debug|x64.Build.0 = Debug|iPhone
		{4C998E30-1926-4459-A782-7D81F8A04DE0}.Debug|x64.Deploy.0 = Debug|iPhone
		{4C998E30-1926-4459-A782-7D81F8A04DE0}.Debug|x86.ActiveCfg = Debug|iPhone
		{4C998E30-1926-4459-A782-7D81F8A04DE0}.Debug|x86.Build.0 = Debug|iPhone
		{4C998E30-1926-4459-A782-7D81F8A04DE0}.Debug|x86.Deploy.0 = Debug|iPhone
		{4C998E30-1926-4459-A782-7D81F8A04DE0}.Release|Any CPU.ActiveCfg = Release|iPhone
		{4C998E30-1926-4459-A782-7D81F8A04DE0}.Release|Any CPU.Build.0 = Release|iPhone
		{4C998E30-1926-4459-A782-7D81F8A04DE0}.Release|Any CPU.Deploy.0 = Release|iPhone
		{4C998E30-1926-4459-A782-7D81F8A04DE0}.Release|ARM.ActiveCfg = Release|iPhone
		{4C998E30-1926-4459-A782-7D81F8A04DE0}.Release|ARM.Build.0 = Release|iPhone
		{4C998E30-1926-4459-A782-7D81F8A04DE0}.Release|ARM.Deploy.0 = Release|iPhone
		{4C998E30-1926-4459-A782-7D81F8A04DE0}.Release|iPhone.ActiveCfg = Release|iPhone
		{4C998E30-1926-4459-A782-7D81F8A04DE0}.Release|iPhone.Build.0 = Release|iPhone
		{4C998E30-1926-4459-A782-7D81F8A04DE0}.Release|iPhone.Deploy.0 = Release|iPhone
		{4C998E30-1926-4459-A782-7D81F8A04DE0}.Release|iPhoneSimulator.ActiveCfg = Release|iPhoneSimulator
		{4C998E30-1926-4459-A782-7D81F8A04DE0}.Release|iPhoneSimulator.Build.0 = Release|iPhoneSimulator
		{4C998E30-1926-4459-A782-7D81F8A04DE0}.Release|iPhoneSimulator.Deploy.0 = Release|iPhoneSimulator
		{4C998E30-1926-4459-A782-7D81F8A04DE0}.Release|x64.ActiveCfg = Release|iPhone
		{4C998E30-1926-4459-A782-7D81F8A04DE0}.Release|x64.Build.0 = Release|iPhone
		{4C998E30-1926-4459-A782-7D81F8A04DE0}.Release|x64.Deploy.0 = Release|iPhone
		{4C998E30-1926-4459-A782-7D81F8A04DE0}.Release|x86.ActiveCfg = Release|iPhone
		{4C998E30-1926-4459-A782-7D81F8A04DE0}.Release|x86.Build.0 = Release|iPhone
		{4C998E30-1926-4459-A782-7D81F8A04DE0}.Release|x86.Deploy.0 = Release|iPhone
		{2E8C3987-143F-4985-819B-9297E160914D}.Debug|Any CPU.ActiveCfg = Debug|Any CPU
		{2E8C3987-143F-4985-819B-9297E160914D}.Debug|Any CPU.Build.0 = Debug|Any CPU
		{2E8C3987-143F-4985-819B-9297E160914D}.Debug|Any CPU.Deploy.0 = Debug|Any CPU
		{2E8C3987-143F-4985-819B-9297E160914D}.Debug|ARM.ActiveCfg = Debug|Any CPU
		{2E8C3987-143F-4985-819B-9297E160914D}.Debug|ARM.Build.0 = Debug|Any CPU
		{2E8C3987-143F-4985-819B-9297E160914D}.Debug|ARM.Deploy.0 = Debug|Any CPU
		{2E8C3987-143F-4985-819B-9297E160914D}.Debug|iPhone.ActiveCfg = Debug|Any CPU
		{2E8C3987-143F-4985-819B-9297E160914D}.Debug|iPhone.Build.0 = Debug|Any CPU
		{2E8C3987-143F-4985-819B-9297E160914D}.Debug|iPhone.Deploy.0 = Debug|Any CPU
		{2E8C3987-143F-4985-819B-9297E160914D}.Debug|iPhoneSimulator.ActiveCfg = Debug|Any CPU
		{2E8C3987-143F-4985-819B-9297E160914D}.Debug|iPhoneSimulator.Build.0 = Debug|Any CPU
		{2E8C3987-143F-4985-819B-9297E160914D}.Debug|iPhoneSimulator.Deploy.0 = Debug|Any CPU
		{2E8C3987-143F-4985-819B-9297E160914D}.Debug|x64.ActiveCfg = Debug|Any CPU
		{2E8C3987-143F-4985-819B-9297E160914D}.Debug|x64.Build.0 = Debug|Any CPU
		{2E8C3987-143F-4985-819B-9297E160914D}.Debug|x64.Deploy.0 = Debug|Any CPU
		{2E8C3987-143F-4985-819B-9297E160914D}.Debug|x86.ActiveCfg = Debug|Any CPU
		{2E8C3987-143F-4985-819B-9297E160914D}.Debug|x86.Build.0 = Debug|Any CPU
		{2E8C3987-143F-4985-819B-9297E160914D}.Debug|x86.Deploy.0 = Debug|Any CPU
		{2E8C3987-143F-4985-819B-9297E160914D}.Release|Any CPU.ActiveCfg = Release|Any CPU
		{2E8C3987-143F-4985-819B-9297E160914D}.Release|Any CPU.Build.0 = Release|Any CPU
		{2E8C3987-143F-4985-819B-9297E160914D}.Release|Any CPU.Deploy.0 = Release|Any CPU
		{2E8C3987-143F-4985-819B-9297E160914D}.Release|ARM.ActiveCfg = Release|Any CPU
		{2E8C3987-143F-4985-819B-9297E160914D}.Release|ARM.Build.0 = Release|Any CPU
		{2E8C3987-143F-4985-819B-9297E160914D}.Release|ARM.Deploy.0 = Release|Any CPU
		{2E8C3987-143F-4985-819B-9297E160914D}.Release|iPhone.ActiveCfg = Release|Any CPU
		{2E8C3987-143F-4985-819B-9297E160914D}.Release|iPhone.Build.0 = Release|Any CPU
		{2E8C3987-143F-4985-819B-9297E160914D}.Release|iPhone.Deploy.0 = Release|Any CPU
		{2E8C3987-143F-4985-819B-9297E160914D}.Release|iPhoneSimulator.ActiveCfg = Release|Any CPU
		{2E8C3987-143F-4985-819B-9297E160914D}.Release|iPhoneSimulator.Build.0 = Release|Any CPU
		{2E8C3987-143F-4985-819B-9297E160914D}.Release|iPhoneSimulator.Deploy.0 = Release|Any CPU
		{2E8C3987-143F-4985-819B-9297E160914D}.Release|x64.ActiveCfg = Release|Any CPU
		{2E8C3987-143F-4985-819B-9297E160914D}.Release|x64.Build.0 = Release|Any CPU
		{2E8C3987-143F-4985-819B-9297E160914D}.Release|x64.Deploy.0 = Release|Any CPU
		{2E8C3987-143F-4985-819B-9297E160914D}.Release|x86.ActiveCfg = Release|Any CPU
		{2E8C3987-143F-4985-819B-9297E160914D}.Release|x86.Build.0 = Release|Any CPU
		{2E8C3987-143F-4985-819B-9297E160914D}.Release|x86.Deploy.0 = Release|Any CPU
	EndGlobalSection
	GlobalSection(SolutionProperties) = preSolution
		HideSolutionNode = FALSE
	EndGlobalSection
	GlobalSection(ExtensibilityGlobals) = postSolution
		SolutionGuid = {314EAEC5-9412-47D3-886F-04B0DEEE801D}
	EndGlobalSection
EndGlobal
