
Microsoft Visual Studio Solution File, Format Version 12.00
# Visual Studio Version 16
VisualStudioVersion = 16.0.29806.167
MinimumVisualStudioVersion = 10.0.40219.1
Project("{FAE04EC0-301F-11D3-BF4B-00C04F79EFBC}") = "Layout_06.UWP", "Layout_06.UWP\Layout_06.UWP.csproj", "{36871F1B-8053-42C0-9669-0709AB2BBDE7}"
EndProject
Project("{FAE04EC0-301F-11D3-BF4B-00C04F79EFBC}") = "Layout_06.Android", "Layout_06.Android\Layout_06.Android.csproj", "{356A70B3-D3CD-409E-8437-22FB2BD306A6}"
EndProject
Project("{FAE04EC0-301F-11D3-BF4B-00C04F79EFBC}") = "Layout_06.iOS", "Layout_06.iOS\Layout_06.iOS.csproj", "{FDB42915-5897-4910-9C2C-D638A9C6D88D}"
EndProject
Project("{FAE04EC0-301F-11D3-BF4B-00C04F79EFBC}") = "Layout_06", "Layout_06\Layout_06.csproj", "{7DE25D44-9A6D-4854-BA30-DB83C9F6C697}"
EndProject
Global
	GlobalSection(SolutionConfigurationPlatforms) = preSolution
		Debug|Any CPU = Debug|Any CPU
		Debug|ARM = Debug|ARM
		Debug|iPhone = Debug|iPhone
		Debug|iPhoneSimulator = Debug|iPhoneSimulator
		Debug|x64 = Debug|x64
		Debug|x86 = Debug|x86
		Release|Any CPU = Release|Any CPU
		Release|ARM = Release|ARM
		Release|iPhone = Release|iPhone
		Release|iPhoneSimulator = Release|iPhoneSimulator
		Release|x64 = Release|x64
		Release|x86 = Release|x86
	EndGlobalSection
	GlobalSection(ProjectConfigurationPlatforms) = postSolution
		{36871F1B-8053-42C0-9669-0709AB2BBDE7}.Debug|Any CPU.ActiveCfg = Debug|x86
		{36871F1B-8053-42C0-9669-0709AB2BBDE7}.Debug|Any CPU.Build.0 = Debug|x86
		{36871F1B-8053-42C0-9669-0709AB2BBDE7}.Debug|Any CPU.Deploy.0 = Debug|x86
		{36871F1B-8053-42C0-9669-0709AB2BBDE7}.Debug|ARM.ActiveCfg = Debug|ARM
		{36871F1B-8053-42C0-9669-0709AB2BBDE7}.Debug|ARM.Build.0 = Debug|ARM
		{36871F1B-8053-42C0-9669-0709AB2BBDE7}.Debug|ARM.Deploy.0 = Debug|ARM
		{36871F1B-8053-42C0-9669-0709AB2BBDE7}.Debug|iPhone.ActiveCfg = Debug|x86
		{36871F1B-8053-42C0-9669-0709AB2BBDE7}.Debug|iPhone.Build.0 = Debug|x86
		{36871F1B-8053-42C0-9669-0709AB2BBDE7}.Debug|iPhone.Deploy.0 = Debug|x86
		{36871F1B-8053-42C0-9669-0709AB2BBDE7}.Debug|iPhoneSimulator.ActiveCfg = Debug|x86
		{36871F1B-8053-42C0-9669-0709AB2BBDE7}.Debug|iPhoneSimulator.Build.0 = Debug|x86
		{36871F1B-8053-42C0-9669-0709AB2BBDE7}.Debug|iPhoneSimulator.Deploy.0 = Debug|x86
		{36871F1B-8053-42C0-9669-0709AB2BBDE7}.Debug|x64.ActiveCfg = Debug|x64
		{36871F1B-8053-42C0-9669-0709AB2BBDE7}.Debug|x64.Build.0 = Debug|x64
		{36871F1B-8053-42C0-9669-0709AB2BBDE7}.Debug|x64.Deploy.0 = Debug|x64
		{36871F1B-8053-42C0-9669-0709AB2BBDE7}.Debug|x86.ActiveCfg = Debug|x86
		{36871F1B-8053-42C0-9669-0709AB2BBDE7}.Debug|x86.Build.0 = Debug|x86
		{36871F1B-8053-42C0-9669-0709AB2BBDE7}.Debug|x86.Deploy.0 = Debug|x86
		{36871F1B-8053-42C0-9669-0709AB2BBDE7}.Release|Any CPU.ActiveCfg = Release|x86
		{36871F1B-8053-42C0-9669-0709AB2BBDE7}.Release|Any CPU.Build.0 = Release|x86
		{36871F1B-8053-42C0-9669-0709AB2BBDE7}.Release|Any CPU.Deploy.0 = Release|x86
		{36871F1B-8053-42C0-9669-0709AB2BBDE7}.Release|ARM.ActiveCfg = Release|ARM
		{36871F1B-8053-42C0-9669-0709AB2BBDE7}.Release|ARM.Build.0 = Release|ARM
		{36871F1B-8053-42C0-9669-0709AB2BBDE7}.Release|ARM.Deploy.0 = Release|ARM
		{36871F1B-8053-42C0-9669-0709AB2BBDE7}.Release|iPhone.ActiveCfg = Release|x86
		{36871F1B-8053-42C0-9669-0709AB2BBDE7}.Release|iPhone.Build.0 = Release|x86
		{36871F1B-8053-42C0-9669-0709AB2BBDE7}.Release|iPhone.Deploy.0 = Release|x86
		{36871F1B-8053-42C0-9669-0709AB2BBDE7}.Release|iPhoneSimulator.ActiveCfg = Release|x86
		{36871F1B-8053-42C0-9669-0709AB2BBDE7}.Release|iPhoneSimulator.Build.0 = Release|x86
		{36871F1B-8053-42C0-9669-0709AB2BBDE7}.Release|iPhoneSimulator.Deploy.0 = Release|x86
		{36871F1B-8053-42C0-9669-0709AB2BBDE7}.Release|x64.ActiveCfg = Release|x64
		{36871F1B-8053-42C0-9669-0709AB2BBDE7}.Release|x64.Build.0 = Release|x64
		{36871F1B-8053-42C0-9669-0709AB2BBDE7}.Release|x64.Deploy.0 = Release|x64
		{36871F1B-8053-42C0-9669-0709AB2BBDE7}.Release|x86.ActiveCfg = Release|x86
		{36871F1B-8053-42C0-9669-0709AB2BBDE7}.Release|x86.Build.0 = Release|x86
		{36871F1B-8053-42C0-9669-0709AB2BBDE7}.Release|x86.Deploy.0 = Release|x86
		{356A70B3-D3CD-409E-8437-22FB2BD306A6}.Debug|Any CPU.ActiveCfg = Debug|Any CPU
		{356A70B3-D3CD-409E-8437-22FB2BD306A6}.Debug|Any CPU.Build.0 = Debug|Any CPU
		{356A70B3-D3CD-409E-8437-22FB2BD306A6}.Debug|Any CPU.Deploy.0 = Debug|Any CPU
		{356A70B3-D3CD-409E-8437-22FB2BD306A6}.Debug|ARM.ActiveCfg = Debug|Any CPU
		{356A70B3-D3CD-409E-8437-22FB2BD306A6}.Debug|ARM.Build.0 = Debug|Any CPU
		{356A70B3-D3CD-409E-8437-22FB2BD306A6}.Debug|ARM.Deploy.0 = Debug|Any CPU
		{356A70B3-D3CD-409E-8437-22FB2BD306A6}.Debug|iPhone.ActiveCfg = Debug|Any CPU
		{356A70B3-D3CD-409E-8437-22FB2BD306A6}.Debug|iPhone.Build.0 = Debug|Any CPU
		{356A70B3-D3CD-409E-8437-22FB2BD306A6}.Debug|iPhone.Deploy.0 = Debug|Any CPU
		{356A70B3-D3CD-409E-8437-22FB2BD306A6}.Debug|iPhoneSimulator.ActiveCfg = Debug|Any CPU
		{356A70B3-D3CD-409E-8437-22FB2BD306A6}.Debug|iPhoneSimulator.Build.0 = Debug|Any CPU
		{356A70B3-D3CD-409E-8437-22FB2BD306A6}.Debug|iPhoneSimulator.Deploy.0 = Debug|Any CPU
		{356A70B3-D3CD-409E-8437-22FB2BD306A6}.Debug|x64.ActiveCfg = Debug|Any CPU
		{356A70B3-D3CD-409E-8437-22FB2BD306A6}.Debug|x64.Build.0 = Debug|Any CPU
		{356A70B3-D3CD-409E-8437-22FB2BD306A6}.Debug|x64.Deploy.0 = Debug|Any CPU
		{356A70B3-D3CD-409E-8437-22FB2BD306A6}.Debug|x86.ActiveCfg = Debug|Any CPU
		{356A70B3-D3CD-409E-8437-22FB2BD306A6}.Debug|x86.Build.0 = Debug|Any CPU
		{356A70B3-D3CD-409E-8437-22FB2BD306A6}.Debug|x86.Deploy.0 = Debug|Any CPU
		{356A70B3-D3CD-409E-8437-22FB2BD306A6}.Release|Any CPU.ActiveCfg = Release|Any CPU
		{356A70B3-D3CD-409E-8437-22FB2BD306A6}.Release|Any CPU.Build.0 = Release|Any CPU
		{356A70B3-D3CD-409E-8437-22FB2BD306A6}.Release|Any CPU.Deploy.0 = Release|Any CPU
		{356A70B3-D3CD-409E-8437-22FB2BD306A6}.Release|ARM.ActiveCfg = Release|Any CPU
		{356A70B3-D3CD-409E-8437-22FB2BD306A6}.Release|ARM.Build.0 = Release|Any CPU
		{356A70B3-D3CD-409E-8437-22FB2BD306A6}.Release|ARM.Deploy.0 = Release|Any CPU
		{356A70B3-D3CD-409E-8437-22FB2BD306A6}.Release|iPhone.ActiveCfg = Release|Any CPU
		{356A70B3-D3CD-409E-8437-22FB2BD306A6}.Release|iPhone.Build.0 = Release|Any CPU
		{356A70B3-D3CD-409E-8437-22FB2BD306A6}.Release|iPhone.Deploy.0 = Release|Any CPU
		{356A70B3-D3CD-409E-8437-22FB2BD306A6}.Release|iPhoneSimulator.ActiveCfg = Release|Any CPU
		{356A70B3-D3CD-409E-8437-22FB2BD306A6}.Release|iPhoneSimulator.Build.0 = Release|Any CPU
		{356A70B3-D3CD-409E-8437-22FB2BD306A6}.Release|iPhoneSimulator.Deploy.0 = Release|Any CPU
		{356A70B3-D3CD-409E-8437-22FB2BD306A6}.Release|x64.ActiveCfg = Release|Any CPU
		{356A70B3-D3CD-409E-8437-22FB2BD306A6}.Release|x64.Build.0 = Release|Any CPU
		{356A70B3-D3CD-409E-8437-22FB2BD306A6}.Release|x64.Deploy.0 = Release|Any CPU
		{356A70B3-D3CD-409E-8437-22FB2BD306A6}.Release|x86.ActiveCfg = Release|Any CPU
		{356A70B3-D3CD-409E-8437-22FB2BD306A6}.Release|x86.Build.0 = Release|Any CPU
		{356A70B3-D3CD-409E-8437-22FB2BD306A6}.Release|x86.Deploy.0 = Release|Any CPU
		{FDB42915-5897-4910-9C2C-D638A9C6D88D}.Debug|Any CPU.ActiveCfg = Debug|iPhone
		{FDB42915-5897-4910-9C2C-D638A9C6D88D}.Debug|Any CPU.Build.0 = Debug|iPhone
		{FDB42915-5897-4910-9C2C-D638A9C6D88D}.Debug|Any CPU.Deploy.0 = Debug|iPhone
		{FDB42915-5897-4910-9C2C-D638A9C6D88D}.Debug|ARM.ActiveCfg = Debug|iPhoneSimulator
		{FDB42915-5897-4910-9C2C-D638A9C6D88D}.Debug|ARM.Build.0 = Debug|iPhoneSimulator
		{FDB42915-5897-4910-9C2C-D638A9C6D88D}.Debug|ARM.Deploy.0 = Debug|iPhoneSimulator
		{FDB42915-5897-4910-9C2C-D638A9C6D88D}.Debug|iPhone.ActiveCfg = Debug|iPhone
		{FDB42915-5897-4910-9C2C-D638A9C6D88D}.Debug|iPhone.Build.0 = Debug|iPhone
		{FDB42915-5897-4910-9C2C-D638A9C6D88D}.Debug|iPhone.Deploy.0 = Debug|iPhone
		{FDB42915-5897-4910-9C2C-D638A9C6D88D}.Debug|iPhoneSimulator.ActiveCfg = Debug|iPhoneSimulator
		{FDB42915-5897-4910-9C2C-D638A9C6D88D}.Debug|iPhoneSimulator.Build.0 = Debug|iPhoneSimulator
		{FDB42915-5897-4910-9C2C-D638A9C6D88D}.Debug|iPhoneSimulator.Deploy.0 = Debug|iPhoneSimulator
		{FDB42915-5897-4910-9C2C-D638A9C6D88D}.Debug|x64.ActiveCfg = Debug|iPhone
		{FDB42915-5897-4910-9C2C-D638A9C6D88D}.Debug|x64.Build.0 = Debug|iPhone
		{FDB42915-5897-4910-9C2C-D638A9C6D88D}.Debug|x64.Deploy.0 = Debug|iPhone
		{FDB42915-5897-4910-9C2C-D638A9C6D88D}.Debug|x86.ActiveCfg = Debug|iPhone
		{FDB42915-5897-4910-9C2C-D638A9C6D88D}.Debug|x86.Build.0 = Debug|iPhone
		{FDB42915-5897-4910-9C2C-D638A9C6D88D}.Debug|x86.Deploy.0 = Debug|iPhone
		{FDB42915-5897-4910-9C2C-D638A9C6D88D}.Release|Any CPU.ActiveCfg = Release|iPhone
		{FDB42915-5897-4910-9C2C-D638A9C6D88D}.Release|Any CPU.Build.0 = Release|iPhone
		{FDB42915-5897-4910-9C2C-D638A9C6D88D}.Release|Any CPU.Deploy.0 = Release|iPhone
		{FDB42915-5897-4910-9C2C-D638A9C6D88D}.Release|ARM.ActiveCfg = Release|iPhone
		{FDB42915-5897-4910-9C2C-D638A9C6D88D}.Release|ARM.Build.0 = Release|iPhone
		{FDB42915-5897-4910-9C2C-D638A9C6D88D}.Release|ARM.Deploy.0 = Release|iPhone
		{FDB42915-5897-4910-9C2C-D638A9C6D88D}.Release|iPhone.ActiveCfg = Release|iPhone
		{FDB42915-5897-4910-9C2C-D638A9C6D88D}.Release|iPhone.Build.0 = Release|iPhone
		{FDB42915-5897-4910-9C2C-D638A9C6D88D}.Release|iPhone.Deploy.0 = Release|iPhone
		{FDB42915-5897-4910-9C2C-D638A9C6D88D}.Release|iPhoneSimulator.ActiveCfg = Release|iPhoneSimulator
		{FDB42915-5897-4910-9C2C-D638A9C6D88D}.Release|iPhoneSimulator.Build.0 = Release|iPhoneSimulator
		{FDB42915-5897-4910-9C2C-D638A9C6D88D}.Release|iPhoneSimulator.Deploy.0 = Release|iPhoneSimulator
		{FDB42915-5897-4910-9C2C-D638A9C6D88D}.Release|x64.ActiveCfg = Release|iPhone
		{FDB42915-5897-4910-9C2C-D638A9C6D88D}.Release|x64.Build.0 = Release|iPhone
		{FDB42915-5897-4910-9C2C-D638A9C6D88D}.Release|x64.Deploy.0 = Release|iPhone
		{FDB42915-5897-4910-9C2C-D638A9C6D88D}.Release|x86.ActiveCfg = Release|iPhone
		{FDB42915-5897-4910-9C2C-D638A9C6D88D}.Release|x86.Build.0 = Release|iPhone
		{FDB42915-5897-4910-9C2C-D638A9C6D88D}.Release|x86.Deploy.0 = Release|iPhone
		{7DE25D44-9A6D-4854-BA30-DB83C9F6C697}.Debug|Any CPU.ActiveCfg = Debug|Any CPU
		{7DE25D44-9A6D-4854-BA30-DB83C9F6C697}.Debug|Any CPU.Build.0 = Debug|Any CPU
		{7DE25D44-9A6D-4854-BA30-DB83C9F6C697}.Debug|Any CPU.Deploy.0 = Debug|Any CPU
		{7DE25D44-9A6D-4854-BA30-DB83C9F6C697}.Debug|ARM.ActiveCfg = Debug|Any CPU
		{7DE25D44-9A6D-4854-BA30-DB83C9F6C697}.Debug|ARM.Build.0 = Debug|Any CPU
		{7DE25D44-9A6D-4854-BA30-DB83C9F6C697}.Debug|ARM.Deploy.0 = Debug|Any CPU
		{7DE25D44-9A6D-4854-BA30-DB83C9F6C697}.Debug|iPhone.ActiveCfg = Debug|Any CPU
		{7DE25D44-9A6D-4854-BA30-DB83C9F6C697}.Debug|iPhone.Build.0 = Debug|Any CPU
		{7DE25D44-9A6D-4854-BA30-DB83C9F6C697}.Debug|iPhone.Deploy.0 = Debug|Any CPU
		{7DE25D44-9A6D-4854-BA30-DB83C9F6C697}.Debug|iPhoneSimulator.ActiveCfg = Debug|Any CPU
		{7DE25D44-9A6D-4854-BA30-DB83C9F6C697}.Debug|iPhoneSimulator.Build.0 = Debug|Any CPU
		{7DE25D44-9A6D-4854-BA30-DB83C9F6C697}.Debug|iPhoneSimulator.Deploy.0 = Debug|Any CPU
		{7DE25D44-9A6D-4854-BA30-DB83C9F6C697}.Debug|x64.ActiveCfg = Debug|Any CPU
		{7DE25D44-9A6D-4854-BA30-DB83C9F6C697}.Debug|x64.Build.0 = Debug|Any CPU
		{7DE25D44-9A6D-4854-BA30-DB83C9F6C697}.Debug|x64.Deploy.0 = Debug|Any CPU
		{7DE25D44-9A6D-4854-BA30-DB83C9F6C697}.Debug|x86.ActiveCfg = Debug|Any CPU
		{7DE25D44-9A6D-4854-BA30-DB83C9F6C697}.Debug|x86.Build.0 = Debug|Any CPU
		{7DE25D44-9A6D-4854-BA30-DB83C9F6C697}.Debug|x86.Deploy.0 = Debug|Any CPU
		{7DE25D44-9A6D-4854-BA30-DB83C9F6C697}.Release|Any CPU.ActiveCfg = Release|Any CPU
		{7DE25D44-9A6D-4854-BA30-DB83C9F6C697}.Release|Any CPU.Build.0 = Release|Any CPU
		{7DE25D44-9A6D-4854-BA30-DB83C9F6C697}.Release|Any CPU.Deploy.0 = Release|Any CPU
		{7DE25D44-9A6D-4854-BA30-DB83C9F6C697}.Release|ARM.ActiveCfg = Release|Any CPU
		{7DE25D44-9A6D-4854-BA30-DB83C9F6C697}.Release|ARM.Build.0 = Release|Any CPU
		{7DE25D44-9A6D-4854-BA30-DB83C9F6C697}.Release|ARM.Deploy.0 = Release|Any CPU
		{7DE25D44-9A6D-4854-BA30-DB83C9F6C697}.Release|iPhone.ActiveCfg = Release|Any CPU
		{7DE25D44-9A6D-4854-BA30-DB83C9F6C697}.Release|iPhone.Build.0 = Release|Any CPU
		{7DE25D44-9A6D-4854-BA30-DB83C9F6C697}.Release|iPhone.Deploy.0 = Release|Any CPU
		{7DE25D44-9A6D-4854-BA30-DB83C9F6C697}.Release|iPhoneSimulator.ActiveCfg = Release|Any CPU
		{7DE25D44-9A6D-4854-BA30-DB83C9F6C697}.Release|iPhoneSimulator.Build.0 = Release|Any CPU
		{7DE25D44-9A6D-4854-BA30-DB83C9F6C697}.Release|iPhoneSimulator.Deploy.0 = Release|Any CPU
		{7DE25D44-9A6D-4854-BA30-DB83C9F6C697}.Release|x64.ActiveCfg = Release|Any CPU
		{7DE25D44-9A6D-4854-BA30-DB83C9F6C697}.Release|x64.Build.0 = Release|Any CPU
		{7DE25D44-9A6D-4854-BA30-DB83C9F6C697}.Release|x64.Deploy.0 = Release|Any CPU
		{7DE25D44-9A6D-4854-BA30-DB83C9F6C697}.Release|x86.ActiveCfg = Release|Any CPU
		{7DE25D44-9A6D-4854-BA30-DB83C9F6C697}.Release|x86.Build.0 = Release|Any CPU
		{7DE25D44-9A6D-4854-BA30-DB83C9F6C697}.Release|x86.Deploy.0 = Release|Any CPU
	EndGlobalSection
	GlobalSection(SolutionProperties) = preSolution
		HideSolutionNode = FALSE
	EndGlobalSection
	GlobalSection(ExtensibilityGlobals) = postSolution
		SolutionGuid = {0E86A6BE-64BC-4312-A627-36C6E9D2258E}
	EndGlobalSection
EndGlobal
